
Microsoft Visual Studio Solution File, Format Version 12.00
# Visual Studio 2013
VisualStudioVersion = 12.0.31101.0
MinimumVisualStudioVersion = 10.0.40219.1
Project("{FAE04EC0-301F-11D3-BF4B-00C04F79EFBC}") = "Xus.SQLServerHelper", "Xus.SQLServerHelper\Xus.SQLServerHelper.csproj", "{6CD055DE-34BE-4FD7-912F-0EA0AF0DF887}"
EndProject
Project("{FAE04EC0-301F-11D3-BF4B-00C04F79EFBC}") = "test", "test\test.csproj", "{8FB9F738-5CCF-47CA-B0DA-1E75C7A204CD}"
EndProject
Global
	GlobalSection(SolutionConfigurationPlatforms) = preSolution
		Debug|Any CPU = Debug|Any CPU
		Release|Any CPU = Release|Any CPU
	EndGlobalSection
	GlobalSection(ProjectConfigurationPlatforms) = postSolution
		{6CD055DE-34BE-4FD7-912F-0EA0AF0DF887}.Debug|Any CPU.ActiveCfg = Debug|Any CPU
		{6CD055DE-34BE-4FD7-912F-0EA0AF0DF887}.Debug|Any CPU.Build.0 = Debug|Any CPU
		{6CD055DE-34BE-4FD7-912F-0EA0AF0DF887}.Release|Any CPU.ActiveCfg = Release|Any CPU
		{6CD055DE-34BE-4FD7-912F-0EA0AF0DF887}.Release|Any CPU.Build.0 = Release|Any CPU
		{8FB9F738-5CCF-47CA-B0DA-1E75C7A204CD}.Debug|Any CPU.ActiveCfg = Debug|Any CPU
		{8FB9F738-5CCF-47CA-B0DA-1E75C7A204CD}.Debug|Any CPU.Build.0 = Debug|Any CPU
		{8FB9F738-5CCF-47CA-B0DA-1E75C7A204CD}.Release|Any CPU.ActiveCfg = Release|Any CPU
		{8FB9F738-5CCF-47CA-B0DA-1E75C7A204CD}.Release|Any CPU.Build.0 = Release|Any CPU
	EndGlobalSection
	GlobalSection(SolutionProperties) = preSolution
		HideSolutionNode = FALSE
	EndGlobalSection
EndGlobal
